
Microsoft Visual Studio Solution File, Format Version 12.00
# Visual Studio Version 17
VisualStudioVersion = 17.8.34408.163
MinimumVisualStudioVersion = 10.0.40219.1
Project("{FAE04EC0-301F-11D3-BF4B-00C04F79EFBC}") = "WarehouseChallenge.WebAPI", "WarehouseChallenge\WarehouseChallenge.WebAPI.csproj", "{91CA6534-FC2E-43B4-8EFD-51948B70FCED}"
EndProject
Project("{FAE04EC0-301F-11D3-BF4B-00C04F79EFBC}") = "WarehouseChallenge.Domain", "WarehouseChallenge.Domain\WarehouseChallenge.Domain.csproj", "{9BE82BEC-9D8F-4B8A-BBDF-770E71A5CDAC}"
EndProject
Project("{FAE04EC0-301F-11D3-BF4B-00C04F79EFBC}") = "WarehouseChallenge.Infrastructure", "WarehouseChallenge.Infrastructure\WarehouseChallenge.Infrastructure.csproj", "{9644F4B4-5543-4000-9C71-DB1FC3DBFE12}"
EndProject
Project("{9A19103F-16F7-4668-BE54-9A1E7A4F7556}") = "WarehouseChallenge.Application", "WarehouseChallenge.Application\WarehouseChallenge.Application.csproj", "{832E8F9C-D442-4E94-9465-2D19529549EE}"
EndProject
Global
	GlobalSection(SolutionConfigurationPlatforms) = preSolution
		Debug|Any CPU = Debug|Any CPU
		Release|Any CPU = Release|Any CPU
	EndGlobalSection
	GlobalSection(ProjectConfigurationPlatforms) = postSolution
		{91CA6534-FC2E-43B4-8EFD-51948B70FCED}.Debug|Any CPU.ActiveCfg = Debug|Any CPU
		{91CA6534-FC2E-43B4-8EFD-51948B70FCED}.Debug|Any CPU.Build.0 = Debug|Any CPU
		{91CA6534-FC2E-43B4-8EFD-51948B70FCED}.Release|Any CPU.ActiveCfg = Release|Any CPU
		{91CA6534-FC2E-43B4-8EFD-51948B70FCED}.Release|Any CPU.Build.0 = Release|Any CPU
		{9BE82BEC-9D8F-4B8A-BBDF-770E71A5CDAC}.Debug|Any CPU.ActiveCfg = Debug|Any CPU
		{9BE82BEC-9D8F-4B8A-BBDF-770E71A5CDAC}.Debug|Any CPU.Build.0 = Debug|Any CPU
		{9BE82BEC-9D8F-4B8A-BBDF-770E71A5CDAC}.Release|Any CPU.ActiveCfg = Release|Any CPU
		{9BE82BEC-9D8F-4B8A-BBDF-770E71A5CDAC}.Release|Any CPU.Build.0 = Release|Any CPU
		{9644F4B4-5543-4000-9C71-DB1FC3DBFE12}.Debug|Any CPU.ActiveCfg = Debug|Any CPU
		{9644F4B4-5543-4000-9C71-DB1FC3DBFE12}.Debug|Any CPU.Build.0 = Debug|Any CPU
		{9644F4B4-5543-4000-9C71-DB1FC3DBFE12}.Release|Any CPU.ActiveCfg = Release|Any CPU
		{9644F4B4-5543-4000-9C71-DB1FC3DBFE12}.Release|Any CPU.Build.0 = Release|Any CPU
		{832E8F9C-D442-4E94-9465-2D19529549EE}.Debug|Any CPU.ActiveCfg = Debug|Any CPU
		{832E8F9C-D442-4E94-9465-2D19529549EE}.Debug|Any CPU.Build.0 = Debug|Any CPU
		{832E8F9C-D442-4E94-9465-2D19529549EE}.Release|Any CPU.ActiveCfg = Release|Any CPU
		{832E8F9C-D442-4E94-9465-2D19529549EE}.Release|Any CPU.Build.0 = Release|Any CPU
	EndGlobalSection
	GlobalSection(SolutionProperties) = preSolution
		HideSolutionNode = FALSE
	EndGlobalSection
	GlobalSection(ExtensibilityGlobals) = postSolution
		SolutionGuid = {870692E7-F35B-4F37-BBDB-1FF9683741FC}
	EndGlobalSection
EndGlobal
